{
  "originHash" : "3677ed55496003bf077011cf0d965a6b9c751c569b94c87f9f7b8791ba620c1e",
  "pins" : [
    {
      "identity" : "emotion-classification",
      "kind" : "remoteSourceControl",
      "location" : "https://github.com/jfelipeschwaab/emotion-classification.git",
      "state" : {
        "branch" : "main",
        "revision" : "c30bbcd7a63898a55da24165085aee2e96885fad"
      }
    },
    {
      "identity" : "handgesturesclassifier",
      "kind" : "remoteSourceControl",
      "location" : "https://github.com/brenomarq/HandGesturesClassifier",
      "state" : {
        "revision" : "fec11c5ddd237519b069330d85d1dfef8f9ada1d",
        "version" : "1.0.9"
      }
    }
  ],
  "version" : 3
}
